
Microsoft Visual Studio Solution File, Format Version 12.00
# Visual Studio Version 16
VisualStudioVersion = 16.0.33130.400
MinimumVisualStudioVersion = 10.0.40219.1
Project("{FAE04EC0-301F-11D3-BF4B-00C04F79EFBC}") = "t_3", "t_3\t_3.csproj", "{77D149FD-FF06-4EE2-B3B8-FAA8A1C46D46}"
EndProject
Global
	GlobalSection(SolutionConfigurationPlatforms) = preSolution
		Debug|Any CPU = Debug|Any CPU
		Release|Any CPU = Release|Any CPU
	EndGlobalSection
	GlobalSection(ProjectConfigurationPlatforms) = postSolution
		{77D149FD-FF06-4EE2-B3B8-FAA8A1C46D46}.Debug|Any CPU.ActiveCfg = Debug|Any CPU
		{77D149FD-FF06-4EE2-B3B8-FAA8A1C46D46}.Debug|Any CPU.Build.0 = Debug|Any CPU
		{77D149FD-FF06-4EE2-B3B8-FAA8A1C46D46}.Release|Any CPU.ActiveCfg = Release|Any CPU
		{77D149FD-FF06-4EE2-B3B8-FAA8A1C46D46}.Release|Any CPU.Build.0 = Release|Any CPU
	EndGlobalSection
	GlobalSection(SolutionProperties) = preSolution
		HideSolutionNode = FALSE
	EndGlobalSection
	GlobalSection(ExtensibilityGlobals) = postSolution
		SolutionGuid = {FFBCDA6D-53B6-4AD5-944F-AFAC97C5509C}
	EndGlobalSection
EndGlobal
